
Microsoft Visual Studio Solution File, Format Version 12.00
Project("{FAE04EC0-301F-11D3-BF4B-00C04F79EFBC}") = "PersonalJournal", "PersonalJournal\PersonalJournal.csproj", "{6B8B95BF-FC0E-4BA0-A017-597750193B30}"
EndProject
Global
	GlobalSection(SolutionConfigurationPlatforms) = preSolution
		Debug|Any CPU = Debug|Any CPU
		Release|Any CPU = Release|Any CPU
	EndGlobalSection
	GlobalSection(ProjectConfigurationPlatforms) = postSolution
		{6B8B95BF-FC0E-4BA0-A017-597750193B30}.Debug|Any CPU.ActiveCfg = Debug|Any CPU
		{6B8B95BF-FC0E-4BA0-A017-597750193B30}.Debug|Any CPU.Build.0 = Debug|Any CPU
		{6B8B95BF-FC0E-4BA0-A017-597750193B30}.Release|Any CPU.ActiveCfg = Release|Any CPU
		{6B8B95BF-FC0E-4BA0-A017-597750193B30}.Release|Any CPU.Build.0 = Release|Any CPU
	EndGlobalSection
EndGlobal
